
Microsoft Visual Studio Solution File, Format Version 12.00
# Visual Studio Version 16
VisualStudioVersion = 16.0.29926.136
MinimumVisualStudioVersion = 10.0.40219.1
Project("{9A19103F-16F7-4668-BE54-9A1E7A4F7556}") = "Authority.Server", "Authority.Server\Authority.Server.csproj", "{74F06A9B-949C-482D-B690-80C4FB648B9C}"
EndProject
Project("{9A19103F-16F7-4668-BE54-9A1E7A4F7556}") = "Authority.Domain", "Authority.Domain\Authority.Domain.csproj", "{79DE71DC-CBB5-403E-BE38-861AB31C77D8}"
EndProject
Project("{9A19103F-16F7-4668-BE54-9A1E7A4F7556}") = "Authority.Common", "Authority.Common\Authority.Common.csproj", "{7C942D76-B83D-407C-91D1-5619DF8625E2}"
EndProject
Project("{9A19103F-16F7-4668-BE54-9A1E7A4F7556}") = "Authority.DataTransmitModel", "Authority.DataTransmitModel\Authority.DataTransmitModel.csproj", "{4FDE8B50-EE8B-4843-9E74-4ED67B43A943}"
EndProject
Project("{9A19103F-16F7-4668-BE54-9A1E7A4F7556}") = "Authority.DependencyInjection", "Authority.DependencyInjection\Authority.DependencyInjection.csproj", "{6AF5208D-076F-48CB-BD81-64706439D860}"
EndProject
Project("{9A19103F-16F7-4668-BE54-9A1E7A4F7556}") = "Authority.PresentationModel", "Authority.PresentationModel\Authority.PresentationModel.csproj", "{BB25391D-28E6-4307-AF6B-DCACEE543A75}"
EndProject
Project("{9A19103F-16F7-4668-BE54-9A1E7A4F7556}") = "Authority.Service", "Authority.Service\Authority.Service.csproj", "{5C13CF63-D569-4DD1-B63F-A4F429672AD0}"
EndProject
Project("{9A19103F-16F7-4668-BE54-9A1E7A4F7556}") = "Authority.ServiceImpl", "Authority.ServiceImpl\Authority.ServiceImpl.csproj", "{95DEEB38-FA00-4FF1-8E7A-CB134321EAE1}"
EndProject
Project("{9A19103F-16F7-4668-BE54-9A1E7A4F7556}") = "Authority.SqliteEFRepository", "Authority.SqliteEFRepository\Authority.SqliteEFRepository.csproj", "{92FA8E7D-CA67-440F-BCA1-3DED550F0803}"
EndProject
Project("{9A19103F-16F7-4668-BE54-9A1E7A4F7556}") = "MateralProject.Core", "..\..\..\Core\Src\MateralProject.Core\MateralProject.Core.csproj", "{40FB5CD1-E468-44D7-920C-0F6B2906057D}"
EndProject
Project("{9A19103F-16F7-4668-BE54-9A1E7A4F7556}") = "MateralProject.Domain", "..\..\..\Core\Src\MateralProject.Domain\MateralProject.Domain.csproj", "{B4D9B723-42A3-4835-9671-EE04E35C401C}"
EndProject
Project("{9A19103F-16F7-4668-BE54-9A1E7A4F7556}") = "MateralProject.EFHelper", "..\..\..\Core\Src\MateralProject.EFHelper\MateralProject.EFHelper.csproj", "{152047D2-5BF8-4D41-A7CB-95ACC57F473D}"
EndProject
Project("{9A19103F-16F7-4668-BE54-9A1E7A4F7556}") = "Authority.Controllers", "Authority.Controllers\Authority.Controllers.csproj", "{B5E0E0AA-C68B-4701-84CE-B23D7326ECB7}"
EndProject
Project("{9A19103F-16F7-4668-BE54-9A1E7A4F7556}") = "MateralProject.Controllers", "..\..\..\Core\Src\MateralProject.Controllers\MateralProject.Controllers.csproj", "{38B81D05-E7AE-4F86-9D8E-45582968EC93}"
EndProject
Project("{FAE04EC0-301F-11D3-BF4B-00C04F79EFBC}") = "MateralProject.Consul", "..\..\..\Core\MateralProject.Consul\MateralProject.Consul.csproj", "{645FBF83-B1FF-4E78-924D-927ED969219B}"
EndProject
Global
	GlobalSection(SolutionConfigurationPlatforms) = preSolution
		Debug|Any CPU = Debug|Any CPU
		Release|Any CPU = Release|Any CPU
	EndGlobalSection
	GlobalSection(ProjectConfigurationPlatforms) = postSolution
		{74F06A9B-949C-482D-B690-80C4FB648B9C}.Debug|Any CPU.ActiveCfg = Debug|Any CPU
		{74F06A9B-949C-482D-B690-80C4FB648B9C}.Debug|Any CPU.Build.0 = Debug|Any CPU
		{74F06A9B-949C-482D-B690-80C4FB648B9C}.Release|Any CPU.ActiveCfg = Release|Any CPU
		{74F06A9B-949C-482D-B690-80C4FB648B9C}.Release|Any CPU.Build.0 = Release|Any CPU
		{79DE71DC-CBB5-403E-BE38-861AB31C77D8}.Debug|Any CPU.ActiveCfg = Debug|Any CPU
		{79DE71DC-CBB5-403E-BE38-861AB31C77D8}.Debug|Any CPU.Build.0 = Debug|Any CPU
		{79DE71DC-CBB5-403E-BE38-861AB31C77D8}.Release|Any CPU.ActiveCfg = Release|Any CPU
		{79DE71DC-CBB5-403E-BE38-861AB31C77D8}.Release|Any CPU.Build.0 = Release|Any CPU
		{7C942D76-B83D-407C-91D1-5619DF8625E2}.Debug|Any CPU.ActiveCfg = Debug|Any CPU
		{7C942D76-B83D-407C-91D1-5619DF8625E2}.Debug|Any CPU.Build.0 = Debug|Any CPU
		{7C942D76-B83D-407C-91D1-5619DF8625E2}.Release|Any CPU.ActiveCfg = Release|Any CPU
		{7C942D76-B83D-407C-91D1-5619DF8625E2}.Release|Any CPU.Build.0 = Release|Any CPU
		{4FDE8B50-EE8B-4843-9E74-4ED67B43A943}.Debug|Any CPU.ActiveCfg = Debug|Any CPU
		{4FDE8B50-EE8B-4843-9E74-4ED67B43A943}.Debug|Any CPU.Build.0 = Debug|Any CPU
		{4FDE8B50-EE8B-4843-9E74-4ED67B43A943}.Release|Any CPU.ActiveCfg = Release|Any CPU
		{4FDE8B50-EE8B-4843-9E74-4ED67B43A943}.Release|Any CPU.Build.0 = Release|Any CPU
		{6AF5208D-076F-48CB-BD81-64706439D860}.Debug|Any CPU.ActiveCfg = Debug|Any CPU
		{6AF5208D-076F-48CB-BD81-64706439D860}.Debug|Any CPU.Build.0 = Debug|Any CPU
		{6AF5208D-076F-48CB-BD81-64706439D860}.Release|Any CPU.ActiveCfg = Release|Any CPU
		{6AF5208D-076F-48CB-BD81-64706439D860}.Release|Any CPU.Build.0 = Release|Any CPU
		{BB25391D-28E6-4307-AF6B-DCACEE543A75}.Debug|Any CPU.ActiveCfg = Debug|Any CPU
		{BB25391D-28E6-4307-AF6B-DCACEE543A75}.Debug|Any CPU.Build.0 = Debug|Any CPU
		{BB25391D-28E6-4307-AF6B-DCACEE543A75}.Release|Any CPU.ActiveCfg = Release|Any CPU
		{BB25391D-28E6-4307-AF6B-DCACEE543A75}.Release|Any CPU.Build.0 = Release|Any CPU
		{5C13CF63-D569-4DD1-B63F-A4F429672AD0}.Debug|Any CPU.ActiveCfg = Debug|Any CPU
		{5C13CF63-D569-4DD1-B63F-A4F429672AD0}.Debug|Any CPU.Build.0 = Debug|Any CPU
		{5C13CF63-D569-4DD1-B63F-A4F429672AD0}.Release|Any CPU.ActiveCfg = Release|Any CPU
		{5C13CF63-D569-4DD1-B63F-A4F429672AD0}.Release|Any CPU.Build.0 = Release|Any CPU
		{95DEEB38-FA00-4FF1-8E7A-CB134321EAE1}.Debug|Any CPU.ActiveCfg = Debug|Any CPU
		{95DEEB38-FA00-4FF1-8E7A-CB134321EAE1}.Debug|Any CPU.Build.0 = Debug|Any CPU
		{95DEEB38-FA00-4FF1-8E7A-CB134321EAE1}.Release|Any CPU.ActiveCfg = Release|Any CPU
		{95DEEB38-FA00-4FF1-8E7A-CB134321EAE1}.Release|Any CPU.Build.0 = Release|Any CPU
		{92FA8E7D-CA67-440F-BCA1-3DED550F0803}.Debug|Any CPU.ActiveCfg = Debug|Any CPU
		{92FA8E7D-CA67-440F-BCA1-3DED550F0803}.Debug|Any CPU.Build.0 = Debug|Any CPU
		{92FA8E7D-CA67-440F-BCA1-3DED550F0803}.Release|Any CPU.ActiveCfg = Release|Any CPU
		{92FA8E7D-CA67-440F-BCA1-3DED550F0803}.Release|Any CPU.Build.0 = Release|Any CPU
		{40FB5CD1-E468-44D7-920C-0F6B2906057D}.Debug|Any CPU.ActiveCfg = Debug|Any CPU
		{40FB5CD1-E468-44D7-920C-0F6B2906057D}.Debug|Any CPU.Build.0 = Debug|Any CPU
		{40FB5CD1-E468-44D7-920C-0F6B2906057D}.Release|Any CPU.ActiveCfg = Release|Any CPU
		{40FB5CD1-E468-44D7-920C-0F6B2906057D}.Release|Any CPU.Build.0 = Release|Any CPU
		{B4D9B723-42A3-4835-9671-EE04E35C401C}.Debug|Any CPU.ActiveCfg = Debug|Any CPU
		{B4D9B723-42A3-4835-9671-EE04E35C401C}.Debug|Any CPU.Build.0 = Debug|Any CPU
		{B4D9B723-42A3-4835-9671-EE04E35C401C}.Release|Any CPU.ActiveCfg = Release|Any CPU
		{B4D9B723-42A3-4835-9671-EE04E35C401C}.Release|Any CPU.Build.0 = Release|Any CPU
		{152047D2-5BF8-4D41-A7CB-95ACC57F473D}.Debug|Any CPU.ActiveCfg = Debug|Any CPU
		{152047D2-5BF8-4D41-A7CB-95ACC57F473D}.Debug|Any CPU.Build.0 = Debug|Any CPU
		{152047D2-5BF8-4D41-A7CB-95ACC57F473D}.Release|Any CPU.ActiveCfg = Release|Any CPU
		{152047D2-5BF8-4D41-A7CB-95ACC57F473D}.Release|Any CPU.Build.0 = Release|Any CPU
		{B5E0E0AA-C68B-4701-84CE-B23D7326ECB7}.Debug|Any CPU.ActiveCfg = Debug|Any CPU
		{B5E0E0AA-C68B-4701-84CE-B23D7326ECB7}.Debug|Any CPU.Build.0 = Debug|Any CPU
		{B5E0E0AA-C68B-4701-84CE-B23D7326ECB7}.Release|Any CPU.ActiveCfg = Release|Any CPU
		{B5E0E0AA-C68B-4701-84CE-B23D7326ECB7}.Release|Any CPU.Build.0 = Release|Any CPU
		{38B81D05-E7AE-4F86-9D8E-45582968EC93}.Debug|Any CPU.ActiveCfg = Debug|Any CPU
		{38B81D05-E7AE-4F86-9D8E-45582968EC93}.Debug|Any CPU.Build.0 = Debug|Any CPU
		{38B81D05-E7AE-4F86-9D8E-45582968EC93}.Release|Any CPU.ActiveCfg = Release|Any CPU
		{38B81D05-E7AE-4F86-9D8E-45582968EC93}.Release|Any CPU.Build.0 = Release|Any CPU
		{645FBF83-B1FF-4E78-924D-927ED969219B}.Debug|Any CPU.ActiveCfg = Debug|Any CPU
		{645FBF83-B1FF-4E78-924D-927ED969219B}.Debug|Any CPU.Build.0 = Debug|Any CPU
		{645FBF83-B1FF-4E78-924D-927ED969219B}.Release|Any CPU.ActiveCfg = Release|Any CPU
		{645FBF83-B1FF-4E78-924D-927ED969219B}.Release|Any CPU.Build.0 = Release|Any CPU
	EndGlobalSection
	GlobalSection(SolutionProperties) = preSolution
		HideSolutionNode = FALSE
	EndGlobalSection
	GlobalSection(ExtensibilityGlobals) = postSolution
		SolutionGuid = {ACE2E15D-BC5C-4A47-9EF5-5FADFB0EF7B2}
	EndGlobalSection
EndGlobal
